
Microsoft Visual Studio Solution File, Format Version 12.00
Project("{FAE04EC0-301F-11D3-BF4B-00C04F79EFBC}") = "NTopngApiWrapper.Lib", "NTopngApiWrapper.Lib\NTopngApiWrapper.Lib.csproj", "{AB9F8BEB-6C76-46A1-BCEB-C7D9CB32E5C1}"
EndProject
Project("{FAE04EC0-301F-11D3-BF4B-00C04F79EFBC}") = "NTopngApiWrapper.Demo", "..\NTopngApiWrapper.Demo\NTopngApiWrapper.Demo.csproj", "{302E5D12-A6AF-4777-9984-1E169C5B2F2D}"
EndProject
Global
	GlobalSection(SolutionConfigurationPlatforms) = preSolution
		Debug|Any CPU = Debug|Any CPU
		Release|Any CPU = Release|Any CPU
	EndGlobalSection
	GlobalSection(ProjectConfigurationPlatforms) = postSolution
		{AB9F8BEB-6C76-46A1-BCEB-C7D9CB32E5C1}.Debug|Any CPU.ActiveCfg = Debug|Any CPU
		{AB9F8BEB-6C76-46A1-BCEB-C7D9CB32E5C1}.Debug|Any CPU.Build.0 = Debug|Any CPU
		{AB9F8BEB-6C76-46A1-BCEB-C7D9CB32E5C1}.Release|Any CPU.ActiveCfg = Release|Any CPU
		{AB9F8BEB-6C76-46A1-BCEB-C7D9CB32E5C1}.Release|Any CPU.Build.0 = Release|Any CPU
		{302E5D12-A6AF-4777-9984-1E169C5B2F2D}.Debug|Any CPU.ActiveCfg = Debug|Any CPU
		{302E5D12-A6AF-4777-9984-1E169C5B2F2D}.Debug|Any CPU.Build.0 = Debug|Any CPU
		{302E5D12-A6AF-4777-9984-1E169C5B2F2D}.Release|Any CPU.ActiveCfg = Release|Any CPU
		{302E5D12-A6AF-4777-9984-1E169C5B2F2D}.Release|Any CPU.Build.0 = Release|Any CPU
	EndGlobalSection
EndGlobal
